
Microsoft Visual Studio Solution File, Format Version 12.00
# Visual Studio Version 17
VisualStudioVersion = 17.10.35122.118
MinimumVisualStudioVersion = 10.0.40219.1
Project("{FAE04EC0-301F-11D3-BF4B-00C04F79EFBC}") = "PersonalCollectionManager.API", "PersonalCollectionManager.API\PersonalCollectionManager.API.csproj", "{87AB0F18-D6D3-4252-B864-FD1F52B48E91}"
EndProject
Project("{FAE04EC0-301F-11D3-BF4B-00C04F79EFBC}") = "PersonalCollectionManager.Application", "PersonalCollectionManager.Application\PersonalCollectionManager.Application.csproj", "{CE9B03C2-CCF0-4034-AE55-41EB7306454D}"
EndProject
Project("{FAE04EC0-301F-11D3-BF4B-00C04F79EFBC}") = "PersonalCollectionManager.Domain", "PersonalCollectionManager.Domain\PersonalCollectionManager.Domain.csproj", "{2DDB587F-48B6-4F04-A134-811AF04D9B88}"
EndProject
Project("{FAE04EC0-301F-11D3-BF4B-00C04F79EFBC}") = "PersonalCollectionManager.Infrastructure", "PersonalCollectionManager.Infrastructure\PersonalCollectionManager.Infrastructure.csproj", "{D9696E8D-FAE8-4E65-A9BA-7324456CB64B}"
EndProject
Project("{FAE04EC0-301F-11D3-BF4B-00C04F79EFBC}") = "PersonalCollectionManager.Shared", "PersonalCollectionManager.Shared\PersonalCollectionManager.Shared.csproj", "{20054379-B317-4944-9785-426D3E05AF65}"
EndProject
Global
	GlobalSection(SolutionConfigurationPlatforms) = preSolution
		Debug|Any CPU = Debug|Any CPU
		Release|Any CPU = Release|Any CPU
	EndGlobalSection
	GlobalSection(ProjectConfigurationPlatforms) = postSolution
		{87AB0F18-D6D3-4252-B864-FD1F52B48E91}.Debug|Any CPU.ActiveCfg = Debug|Any CPU
		{87AB0F18-D6D3-4252-B864-FD1F52B48E91}.Debug|Any CPU.Build.0 = Debug|Any CPU
		{87AB0F18-D6D3-4252-B864-FD1F52B48E91}.Release|Any CPU.ActiveCfg = Release|Any CPU
		{87AB0F18-D6D3-4252-B864-FD1F52B48E91}.Release|Any CPU.Build.0 = Release|Any CPU
		{CE9B03C2-CCF0-4034-AE55-41EB7306454D}.Debug|Any CPU.ActiveCfg = Debug|Any CPU
		{CE9B03C2-CCF0-4034-AE55-41EB7306454D}.Debug|Any CPU.Build.0 = Debug|Any CPU
		{CE9B03C2-CCF0-4034-AE55-41EB7306454D}.Release|Any CPU.ActiveCfg = Release|Any CPU
		{CE9B03C2-CCF0-4034-AE55-41EB7306454D}.Release|Any CPU.Build.0 = Release|Any CPU
		{2DDB587F-48B6-4F04-A134-811AF04D9B88}.Debug|Any CPU.ActiveCfg = Debug|Any CPU
		{2DDB587F-48B6-4F04-A134-811AF04D9B88}.Debug|Any CPU.Build.0 = Debug|Any CPU
		{2DDB587F-48B6-4F04-A134-811AF04D9B88}.Release|Any CPU.ActiveCfg = Release|Any CPU
		{2DDB587F-48B6-4F04-A134-811AF04D9B88}.Release|Any CPU.Build.0 = Release|Any CPU
		{D9696E8D-FAE8-4E65-A9BA-7324456CB64B}.Debug|Any CPU.ActiveCfg = Debug|Any CPU
		{D9696E8D-FAE8-4E65-A9BA-7324456CB64B}.Debug|Any CPU.Build.0 = Debug|Any CPU
		{D9696E8D-FAE8-4E65-A9BA-7324456CB64B}.Release|Any CPU.ActiveCfg = Release|Any CPU
		{D9696E8D-FAE8-4E65-A9BA-7324456CB64B}.Release|Any CPU.Build.0 = Release|Any CPU
		{20054379-B317-4944-9785-426D3E05AF65}.Debug|Any CPU.ActiveCfg = Debug|Any CPU
		{20054379-B317-4944-9785-426D3E05AF65}.Debug|Any CPU.Build.0 = Debug|Any CPU
		{20054379-B317-4944-9785-426D3E05AF65}.Release|Any CPU.ActiveCfg = Release|Any CPU
		{20054379-B317-4944-9785-426D3E05AF65}.Release|Any CPU.Build.0 = Release|Any CPU
	EndGlobalSection
	GlobalSection(SolutionProperties) = preSolution
		HideSolutionNode = FALSE
	EndGlobalSection
	GlobalSection(ExtensibilityGlobals) = postSolution
		SolutionGuid = {71C91A61-953D-4944-8B51-21AA96B7784B}
	EndGlobalSection
EndGlobal
